{
  "name": "hng-backend-v2",
  "version": "1.0.0",
  "lockfileVersion": 2,
  "requires": true,
  "packages": {
    "": {
      "name": "hng-backend-v2",
      "version": "1.0.0",
      "license": "ISC",
      "dependencies": {
        "csv-parse": "^5.3.1",
        "js-sha256": "^0.9.0"
      }
    },
    "node_modules/csv-parse": {
      "version": "5.3.1",
      "resolved": "https://registry.npmjs.org/csv-parse/-/csv-parse-5.3.1.tgz",
      "integrity": "sha512-R4Hv6eGJNzgcKdThZ6XORbSQ873HVcNke74QIq+LbwpT90LaZ8Xzl7KKiuIP16xq/P7ofzRt0h7S0xm+fVScsw=="
    },
    "node_modules/js-sha256": {
      "version": "0.9.0",
      "resolved": "https://registry.npmjs.org/js-sha256/-/js-sha256-0.9.0.tgz",
      "integrity": "sha512-sga3MHh9sgQN2+pJ9VYZ+1LPwXOxuBJBA5nrR5/ofPfuiJBE2hnjsaN8se8JznOmGLN2p49Pe5U/ttafcs/apA=="
    }
  },
  "dependencies": {
    "csv-parse": {
      "version": "5.3.1",
      "resolved": "https://registry.npmjs.org/csv-parse/-/csv-parse-5.3.1.tgz",
      "integrity": "sha512-R4Hv6eGJNzgcKdThZ6XORbSQ873HVcNke74QIq+LbwpT90LaZ8Xzl7KKiuIP16xq/P7ofzRt0h7S0xm+fVScsw=="
    },
    "js-sha256": {
      "version": "0.9.0",
      "resolved": "https://registry.npmjs.org/js-sha256/-/js-sha256-0.9.0.tgz",
      "integrity": "sha512-sga3MHh9sgQN2+pJ9VYZ+1LPwXOxuBJBA5nrR5/ofPfuiJBE2hnjsaN8se8JznOmGLN2p49Pe5U/ttafcs/apA=="
    }
  }
}
